
Microsoft Visual Studio Solution File, Format Version 12.00
# Visual Studio Version 17
VisualStudioVersion = 17.0.32112.339
MinimumVisualStudioVersion = 10.0.40219.1
Project("{FAE04EC0-301F-11D3-BF4B-00C04F79EFBC}") = "Monitoring", "Monitoring\Monitoring.csproj", "{4F29B4CB-F6D5-4095-89FD-C178A2101D8F}"
EndProject
Project("{FAE04EC0-301F-11D3-BF4B-00C04F79EFBC}") = "Generator", "Generator\Generator.csproj", "{0A47D6B5-1E35-4FA6-96E1-444BD6219FF6}"
EndProject
Global
	GlobalSection(SolutionConfigurationPlatforms) = preSolution
		Debug|Any CPU = Debug|Any CPU
		Release|Any CPU = Release|Any CPU
	EndGlobalSection
	GlobalSection(ProjectConfigurationPlatforms) = postSolution
		{4F29B4CB-F6D5-4095-89FD-C178A2101D8F}.Debug|Any CPU.ActiveCfg = Debug|Any CPU
		{4F29B4CB-F6D5-4095-89FD-C178A2101D8F}.Debug|Any CPU.Build.0 = Debug|Any CPU
		{4F29B4CB-F6D5-4095-89FD-C178A2101D8F}.Release|Any CPU.ActiveCfg = Release|Any CPU
		{4F29B4CB-F6D5-4095-89FD-C178A2101D8F}.Release|Any CPU.Build.0 = Release|Any CPU
		{0A47D6B5-1E35-4FA6-96E1-444BD6219FF6}.Debug|Any CPU.ActiveCfg = Debug|Any CPU
		{0A47D6B5-1E35-4FA6-96E1-444BD6219FF6}.Debug|Any CPU.Build.0 = Debug|Any CPU
		{0A47D6B5-1E35-4FA6-96E1-444BD6219FF6}.Release|Any CPU.ActiveCfg = Release|Any CPU
		{0A47D6B5-1E35-4FA6-96E1-444BD6219FF6}.Release|Any CPU.Build.0 = Release|Any CPU
	EndGlobalSection
	GlobalSection(SolutionProperties) = preSolution
		HideSolutionNode = FALSE
	EndGlobalSection
	GlobalSection(ExtensibilityGlobals) = postSolution
		SolutionGuid = {686B1DC3-A40D-4DF1-B583-506FD1B58F0C}
	EndGlobalSection
EndGlobal
